// !$*UTF8*$!
{
	archiveVersion = 1;
	classes = {
	};
	objectVersion = 56;
	objects = {

/* Begin PBXBuildFile section */
		4D0454193C5CC3D05620F9BC /* Pods_TwitterUIKit.framework in Frameworks */ = {isa = PBXBuildFile; fileRef = 6853766879AF621F7C411018 /* Pods_TwitterUIKit.framework */; };
		525202E6290715D1005CE36C /* AppDelegate.swift in Sources */ = {isa = PBXBuildFile; fileRef = 525202E5290715D1005CE36C /* AppDelegate.swift */; };
		525202E8290715D1005CE36C /* SceneDelegate.swift in Sources */ = {isa = PBXBuildFile; fileRef = 525202E7290715D1005CE36C /* SceneDelegate.swift */; };
		525202EF290715D1005CE36C /* Assets.xcassets in Resources */ = {isa = PBXBuildFile; fileRef = 525202EE290715D1005CE36C /* Assets.xcassets */; };
		525202F2290715D1005CE36C /* LaunchScreen.storyboard in Resources */ = {isa = PBXBuildFile; fileRef = 525202F0290715D1005CE36C /* LaunchScreen.storyboard */; };
		52520300290716CC005CE36C /* MainTabBarController.swift in Sources */ = {isa = PBXBuildFile; fileRef = 525202FF290716CC005CE36C /* MainTabBarController.swift */; };
		52520302290717FA005CE36C /* FeedController.swift in Sources */ = {isa = PBXBuildFile; fileRef = 52520301290717FA005CE36C /* FeedController.swift */; };
		5252030429071829005CE36C /* ExploreController.swift in Sources */ = {isa = PBXBuildFile; fileRef = 5252030329071829005CE36C /* ExploreController.swift */; };
		5252030629071841005CE36C /* NotificationsController.swift in Sources */ = {isa = PBXBuildFile; fileRef = 5252030529071841005CE36C /* NotificationsController.swift */; };
		5252030829071854005CE36C /* MessagesController.swift in Sources */ = {isa = PBXBuildFile; fileRef = 5252030729071854005CE36C /* MessagesController.swift */; };
		5252030C29071C40005CE36C /* UIImage+Extension.swift in Sources */ = {isa = PBXBuildFile; fileRef = 5252030B29071C40005CE36C /* UIImage+Extension.swift */; };
		5252030F29072B54005CE36C /* Constraints.swift in Sources */ = {isa = PBXBuildFile; fileRef = 5252030E29072B54005CE36C /* Constraints.swift */; };
		5252031229073FD1005CE36C /* LoginController.swift in Sources */ = {isa = PBXBuildFile; fileRef = 5252031129073FD1005CE36C /* LoginController.swift */; };
		5252031429074041005CE36C /* SignupController.swift in Sources */ = {isa = PBXBuildFile; fileRef = 5252031329074041005CE36C /* SignupController.swift */; };
		5252031729074C67005CE36C /* Utilities.swift in Sources */ = {isa = PBXBuildFile; fileRef = 5252031629074C67005CE36C /* Utilities.swift */; };
		5282F2CA290CB12C00390613 /* UserService.swift in Sources */ = {isa = PBXBuildFile; fileRef = 5282F2C9290CB12C00390613 /* UserService.swift */; };
		5282F2CC290CBD6700390613 /* UserModel.swift in Sources */ = {isa = PBXBuildFile; fileRef = 5282F2CB290CBD6700390613 /* UserModel.swift */; };
		528EE00C2908A14400A70CB1 /* GoogleService-Info.plist in Resources */ = {isa = PBXBuildFile; fileRef = 528EE00B2908A14400A70CB1 /* GoogleService-Info.plist */; };
		528F0F24290DC69100B73595 /* UploadTweetController.swift in Sources */ = {isa = PBXBuildFile; fileRef = 528F0F23290DC69100B73595 /* UploadTweetController.swift */; };
		528F0F26290ED95E00B73595 /* CaptionTextView.swift in Sources */ = {isa = PBXBuildFile; fileRef = 528F0F25290ED95E00B73595 /* CaptionTextView.swift */; };
		528F0F28290EDEB600B73595 /* TweetService.swift in Sources */ = {isa = PBXBuildFile; fileRef = 528F0F27290EDEB600B73595 /* TweetService.swift */; };
		528F0F2A290EF27D00B73595 /* TweetModel.swift in Sources */ = {isa = PBXBuildFile; fileRef = 528F0F29290EF27D00B73595 /* TweetModel.swift */; };
		528F0F2D290F2A7700B73595 /* TweetCell.swift in Sources */ = {isa = PBXBuildFile; fileRef = 528F0F2C290F2A7700B73595 /* TweetCell.swift */; };
		529B773E290B606E00FE3978 /* AuthService.swift in Sources */ = {isa = PBXBuildFile; fileRef = 529B773D290B606E00FE3978 /* AuthService.swift */; };
/* End PBXBuildFile section */

/* Begin PBXFileReference section */
		27B861636436F27789A3DB34 /* Pods-TwitterUIKit.release.xcconfig */ = {isa = PBXFileReference; includeInIndex = 1; lastKnownFileType = text.xcconfig; name = "Pods-TwitterUIKit.release.xcconfig"; path = "Target Support Files/Pods-TwitterUIKit/Pods-TwitterUIKit.release.xcconfig"; sourceTree = "<group>"; };
		525202E2290715D1005CE36C /* TwitterUIKit.app */ = {isa = PBXFileReference; explicitFileType = wrapper.application; includeInIndex = 0; path = TwitterUIKit.app; sourceTree = BUILT_PRODUCTS_DIR; };
		525202E5290715D1005CE36C /* AppDelegate.swift */ = {isa = PBXFileReference; lastKnownFileType = sourcecode.swift; path = AppDelegate.swift; sourceTree = "<group>"; };
		525202E7290715D1005CE36C /* SceneDelegate.swift */ = {isa = PBXFileReference; lastKnownFileType = sourcecode.swift; path = SceneDelegate.swift; sourceTree = "<group>"; };
		525202EE290715D1005CE36C /* Assets.xcassets */ = {isa = PBXFileReference; lastKnownFileType = folder.assetcatalog; path = Assets.xcassets; sourceTree = "<group>"; };
		525202F1290715D1005CE36C /* Base */ = {isa = PBXFileReference; lastKnownFileType = file.storyboard; name = Base; path = Base.lproj/LaunchScreen.storyboard; sourceTree = "<group>"; };
		525202F3290715D1005CE36C /* Info.plist */ = {isa = PBXFileReference; lastKnownFileType = text.plist.xml; path = Info.plist; sourceTree = "<group>"; };
		525202FF290716CC005CE36C /* MainTabBarController.swift */ = {isa = PBXFileReference; lastKnownFileType = sourcecode.swift; path = MainTabBarController.swift; sourceTree = "<group>"; };
		52520301290717FA005CE36C /* FeedController.swift */ = {isa = PBXFileReference; lastKnownFileType = sourcecode.swift; path = FeedController.swift; sourceTree = "<group>"; };
		5252030329071829005CE36C /* ExploreController.swift */ = {isa = PBXFileReference; lastKnownFileType = sourcecode.swift; path = ExploreController.swift; sourceTree = "<group>"; };
		5252030529071841005CE36C /* NotificationsController.swift */ = {isa = PBXFileReference; lastKnownFileType = sourcecode.swift; path = NotificationsController.swift; sourceTree = "<group>"; };
		5252030729071854005CE36C /* MessagesController.swift */ = {isa = PBXFileReference; lastKnownFileType = sourcecode.swift; path = MessagesController.swift; sourceTree = "<group>"; };
		5252030B29071C40005CE36C /* UIImage+Extension.swift */ = {isa = PBXFileReference; lastKnownFileType = sourcecode.swift; path = "UIImage+Extension.swift"; sourceTree = "<group>"; };
		5252030E29072B54005CE36C /* Constraints.swift */ = {isa = PBXFileReference; fileEncoding = 4; lastKnownFileType = sourcecode.swift; path = Constraints.swift; sourceTree = "<group>"; };
		5252031129073FD1005CE36C /* LoginController.swift */ = {isa = PBXFileReference; lastKnownFileType = sourcecode.swift; path = LoginController.swift; sourceTree = "<group>"; };
		5252031329074041005CE36C /* SignupController.swift */ = {isa = PBXFileReference; lastKnownFileType = sourcecode.swift; path = SignupController.swift; sourceTree = "<group>"; };
		5252031629074C67005CE36C /* Utilities.swift */ = {isa = PBXFileReference; lastKnownFileType = sourcecode.swift; path = Utilities.swift; sourceTree = "<group>"; };
		5282F2C9290CB12C00390613 /* UserService.swift */ = {isa = PBXFileReference; lastKnownFileType = sourcecode.swift; path = UserService.swift; sourceTree = "<group>"; };
		5282F2CB290CBD6700390613 /* UserModel.swift */ = {isa = PBXFileReference; lastKnownFileType = sourcecode.swift; path = UserModel.swift; sourceTree = "<group>"; };
		528EE00B2908A14400A70CB1 /* GoogleService-Info.plist */ = {isa = PBXFileReference; fileEncoding = 4; lastKnownFileType = text.plist.xml; path = "GoogleService-Info.plist"; sourceTree = "<group>"; };
		528F0F23290DC69100B73595 /* UploadTweetController.swift */ = {isa = PBXFileReference; lastKnownFileType = sourcecode.swift; path = UploadTweetController.swift; sourceTree = "<group>"; };
		528F0F25290ED95E00B73595 /* CaptionTextView.swift */ = {isa = PBXFileReference; lastKnownFileType = sourcecode.swift; path = CaptionTextView.swift; sourceTree = "<group>"; };
		528F0F27290EDEB600B73595 /* TweetService.swift */ = {isa = PBXFileReference; lastKnownFileType = sourcecode.swift; path = TweetService.swift; sourceTree = "<group>"; };
		528F0F29290EF27D00B73595 /* TweetModel.swift */ = {isa = PBXFileReference; lastKnownFileType = sourcecode.swift; path = TweetModel.swift; sourceTree = "<group>"; };
		528F0F2C290F2A7700B73595 /* TweetCell.swift */ = {isa = PBXFileReference; lastKnownFileType = sourcecode.swift; path = TweetCell.swift; sourceTree = "<group>"; };
		529B773D290B606E00FE3978 /* AuthService.swift */ = {isa = PBXFileReference; lastKnownFileType = sourcecode.swift; path = AuthService.swift; sourceTree = "<group>"; };
		5E1A99B1EFFDE6C4F807B773 /* Pods-TwitterUIKit.debug.xcconfig */ = {isa = PBXFileReference; includeInIndex = 1; lastKnownFileType = text.xcconfig; name = "Pods-TwitterUIKit.debug.xcconfig"; path = "Target Support Files/Pods-TwitterUIKit/Pods-TwitterUIKit.debug.xcconfig"; sourceTree = "<group>"; };
		6853766879AF621F7C411018 /* Pods_TwitterUIKit.framework */ = {isa = PBXFileReference; explicitFileType = wrapper.framework; includeInIndex = 0; path = Pods_TwitterUIKit.framework; sourceTree = BUILT_PRODUCTS_DIR; };
/* End PBXFileReference section */

/* Begin PBXFrameworksBuildPhase section */
		525202DF290715D1005CE36C /* Frameworks */ = {
			isa = PBXFrameworksBuildPhase;
			buildActionMask = 2147483647;
			files = (
				4D0454193C5CC3D05620F9BC /* Pods_TwitterUIKit.framework in Frameworks */,
			);
			runOnlyForDeploymentPostprocessing = 0;
		};
/* End PBXFrameworksBuildPhase section */

/* Begin PBXGroup section */
		525202D9290715D1005CE36C = {
			isa = PBXGroup;
			children = (
				525202E4290715D1005CE36C /* TwitterUIKit */,
				525202E3290715D1005CE36C /* Products */,
				ADB7A2B939626DD109473222 /* Pods */,
				A55BA7926614E87F1BFCAFE1 /* Frameworks */,
			);
			sourceTree = "<group>";
		};
		525202E3290715D1005CE36C /* Products */ = {
			isa = PBXGroup;
			children = (
				525202E2290715D1005CE36C /* TwitterUIKit.app */,
			);
			name = Products;
			sourceTree = "<group>";
		};
		525202E4290715D1005CE36C /* TwitterUIKit */ = {
			isa = PBXGroup;
			children = (
				525202FE29071627005CE36C /* Model */,
				525202FD29071625005CE36C /* View */,
				525202FC29071623005CE36C /* ViewModel */,
				525202FB29071621005CE36C /* Controllers */,
				525202FA2907161F005CE36C /* API */,
				525202F929071611005CE36C /* Utils */,
				525202E5290715D1005CE36C /* AppDelegate.swift */,
				525202E7290715D1005CE36C /* SceneDelegate.swift */,
				525202EE290715D1005CE36C /* Assets.xcassets */,
				528EE00B2908A14400A70CB1 /* GoogleService-Info.plist */,
				525202F3290715D1005CE36C /* Info.plist */,
				525202F0290715D1005CE36C /* LaunchScreen.storyboard */,
			);
			path = TwitterUIKit;
			sourceTree = "<group>";
		};
		525202F929071611005CE36C /* Utils */ = {
			isa = PBXGroup;
			children = (
				5252030D29072B35005CE36C /* Extensions */,
			);
			path = Utils;
			sourceTree = "<group>";
		};
		525202FA2907161F005CE36C /* API */ = {
			isa = PBXGroup;
			children = (
				529B773D290B606E00FE3978 /* AuthService.swift */,
				5282F2C9290CB12C00390613 /* UserService.swift */,
				528F0F27290EDEB600B73595 /* TweetService.swift */,
			);
			path = API;
			sourceTree = "<group>";
		};
		525202FB29071621005CE36C /* Controllers */ = {
			isa = PBXGroup;
			children = (
				5252031029073FB6005CE36C /* Authentication */,
				525202FF290716CC005CE36C /* MainTabBarController.swift */,
				52520301290717FA005CE36C /* FeedController.swift */,
				5252030329071829005CE36C /* ExploreController.swift */,
				5252030529071841005CE36C /* NotificationsController.swift */,
				5252030729071854005CE36C /* MessagesController.swift */,
				528F0F23290DC69100B73595 /* UploadTweetController.swift */,
			);
			path = Controllers;
			sourceTree = "<group>";
		};
		525202FC29071623005CE36C /* ViewModel */ = {
			isa = PBXGroup;
			children = (
			);
			path = ViewModel;
			sourceTree = "<group>";
		};
		525202FD29071625005CE36C /* View */ = {
			isa = PBXGroup;
			children = (
				528F0F25290ED95E00B73595 /* CaptionTextView.swift */,
				528F0F2C290F2A7700B73595 /* TweetCell.swift */,
			);
			path = View;
			sourceTree = "<group>";
		};
		525202FE29071627005CE36C /* Model */ = {
			isa = PBXGroup;
			children = (
				5282F2CB290CBD6700390613 /* UserModel.swift */,
				528F0F29290EF27D00B73595 /* TweetModel.swift */,
			);
			path = Model;
			sourceTree = "<group>";
		};
		5252030D29072B35005CE36C /* Extensions */ = {
			isa = PBXGroup;
			children = (
				5252030E29072B54005CE36C /* Constraints.swift */,
				5252030B29071C40005CE36C /* UIImage+Extension.swift */,
				5252031629074C67005CE36C /* Utilities.swift */,
			);
			path = Extensions;
			sourceTree = "<group>";
		};
		5252031029073FB6005CE36C /* Authentication */ = {
			isa = PBXGroup;
			children = (
				5252031129073FD1005CE36C /* LoginController.swift */,
				5252031329074041005CE36C /* SignupController.swift */,
			);
			path = Authentication;
			sourceTree = "<group>";
		};
		A55BA7926614E87F1BFCAFE1 /* Frameworks */ = {
			isa = PBXGroup;
			children = (
				6853766879AF621F7C411018 /* Pods_TwitterUIKit.framework */,
			);
			name = Frameworks;
			sourceTree = "<group>";
		};
		ADB7A2B939626DD109473222 /* Pods */ = {
			isa = PBXGroup;
			children = (
				5E1A99B1EFFDE6C4F807B773 /* Pods-TwitterUIKit.debug.xcconfig */,
				27B861636436F27789A3DB34 /* Pods-TwitterUIKit.release.xcconfig */,
			);
			path = Pods;
			sourceTree = "<group>";
		};
/* End PBXGroup section */

/* Begin PBXNativeTarget section */
		525202E1290715D1005CE36C /* TwitterUIKit */ = {
			isa = PBXNativeTarget;
			buildConfigurationList = 525202F6290715D1005CE36C /* Build configuration list for PBXNativeTarget "TwitterUIKit" */;
			buildPhases = (
				6F61F803D510F9E2A6816F9C /* [CP] Check Pods Manifest.lock */,
				525202DE290715D1005CE36C /* Sources */,
				525202DF290715D1005CE36C /* Frameworks */,
				525202E0290715D1005CE36C /* Resources */,
				04A263AFA85B6AF2E905C69E /* [CP] Embed Pods Frameworks */,
			);
			buildRules = (
			);
			dependencies = (
			);
			name = TwitterUIKit;
			productName = TwitterUIKit;
			productReference = 525202E2290715D1005CE36C /* TwitterUIKit.app */;
			productType = "com.apple.product-type.application";
		};
/* End PBXNativeTarget section */

/* Begin PBXProject section */
		525202DA290715D1005CE36C /* Project object */ = {
			isa = PBXProject;
			attributes = {
				BuildIndependentTargetsInParallel = 1;
				LastSwiftUpdateCheck = 1400;
				LastUpgradeCheck = 1400;
				TargetAttributes = {
					525202E1290715D1005CE36C = {
						CreatedOnToolsVersion = 14.0;
					};
				};
			};
			buildConfigurationList = 525202DD290715D1005CE36C /* Build configuration list for PBXProject "TwitterUIKit" */;
			compatibilityVersion = "Xcode 14.0";
			developmentRegion = en;
			hasScannedForEncodings = 0;
			knownRegions = (
				en,
				Base,
			);
			mainGroup = 525202D9290715D1005CE36C;
			productRefGroup = 525202E3290715D1005CE36C /* Products */;
			projectDirPath = "";
			projectRoot = "";
			targets = (
				525202E1290715D1005CE36C /* TwitterUIKit */,
			);
		};
/* End PBXProject section */

/* Begin PBXResourcesBuildPhase section */
		525202E0290715D1005CE36C /* Resources */ = {
			isa = PBXResourcesBuildPhase;
			buildActionMask = 2147483647;
			files = (
				525202F2290715D1005CE36C /* LaunchScreen.storyboard in Resources */,
				525202EF290715D1005CE36C /* Assets.xcassets in Resources */,
				528EE00C2908A14400A70CB1 /* GoogleService-Info.plist in Resources */,
			);
			runOnlyForDeploymentPostprocessing = 0;
		};
/* End PBXResourcesBuildPhase section */

/* Begin PBXShellScriptBuildPhase section */
		04A263AFA85B6AF2E905C69E /* [CP] Embed Pods Frameworks */ = {
			isa = PBXShellScriptBuildPhase;
			buildActionMask = 2147483647;
			files = (
			);
			inputFileListPaths = (
				"${PODS_ROOT}/Target Support Files/Pods-TwitterUIKit/Pods-TwitterUIKit-frameworks-${CONFIGURATION}-input-files.xcfilelist",
			);
			name = "[CP] Embed Pods Frameworks";
			outputFileListPaths = (
				"${PODS_ROOT}/Target Support Files/Pods-TwitterUIKit/Pods-TwitterUIKit-frameworks-${CONFIGURATION}-output-files.xcfilelist",
			);
			runOnlyForDeploymentPostprocessing = 0;
			shellPath = /bin/sh;
			shellScript = "\"${PODS_ROOT}/Target Support Files/Pods-TwitterUIKit/Pods-TwitterUIKit-frameworks.sh\"\n";
			showEnvVarsInLog = 0;
		};
		6F61F803D510F9E2A6816F9C /* [CP] Check Pods Manifest.lock */ = {
			isa = PBXShellScriptBuildPhase;
			buildActionMask = 2147483647;
			files = (
			);
			inputFileListPaths = (
			);
			inputPaths = (
				"${PODS_PODFILE_DIR_PATH}/Podfile.lock",
				"${PODS_ROOT}/Manifest.lock",
			);
			name = "[CP] Check Pods Manifest.lock";
			outputFileListPaths = (
			);
			outputPaths = (
				"$(DERIVED_FILE_DIR)/Pods-TwitterUIKit-checkManifestLockResult.txt",
			);
			runOnlyForDeploymentPostprocessing = 0;
			shellPath = /bin/sh;
			shellScript = "diff \"${PODS_PODFILE_DIR_PATH}/Podfile.lock\" \"${PODS_ROOT}/Manifest.lock\" > /dev/null\nif [ $? != 0 ] ; then\n    # print error to STDERR\n    echo \"error: The sandbox is not in sync with the Podfile.lock. Run 'pod install' or update your CocoaPods installation.\" >&2\n    exit 1\nfi\n# This output is used by Xcode 'outputs' to avoid re-running this script phase.\necho \"SUCCESS\" > \"${SCRIPT_OUTPUT_FILE_0}\"\n";
			showEnvVarsInLog = 0;
		};
/* End PBXShellScriptBuildPhase section */

/* Begin PBXSourcesBuildPhase section */
		525202DE290715D1005CE36C /* Sources */ = {
			isa = PBXSourcesBuildPhase;
			buildActionMask = 2147483647;
			files = (
				5282F2CA290CB12C00390613 /* UserService.swift in Sources */,
				5252030629071841005CE36C /* NotificationsController.swift in Sources */,
				528F0F26290ED95E00B73595 /* CaptionTextView.swift in Sources */,
				5252030F29072B54005CE36C /* Constraints.swift in Sources */,
				5252030829071854005CE36C /* MessagesController.swift in Sources */,
				525202E6290715D1005CE36C /* AppDelegate.swift in Sources */,
				5252030C29071C40005CE36C /* UIImage+Extension.swift in Sources */,
				528F0F2D290F2A7700B73595 /* TweetCell.swift in Sources */,
				5252030429071829005CE36C /* ExploreController.swift in Sources */,
				529B773E290B606E00FE3978 /* AuthService.swift in Sources */,
				528F0F24290DC69100B73595 /* UploadTweetController.swift in Sources */,
				5252031729074C67005CE36C /* Utilities.swift in Sources */,
				5252031429074041005CE36C /* SignupController.swift in Sources */,
				525202E8290715D1005CE36C /* SceneDelegate.swift in Sources */,
				528F0F28290EDEB600B73595 /* TweetService.swift in Sources */,
				52520300290716CC005CE36C /* MainTabBarController.swift in Sources */,
				52520302290717FA005CE36C /* FeedController.swift in Sources */,
				5282F2CC290CBD6700390613 /* UserModel.swift in Sources */,
				528F0F2A290EF27D00B73595 /* TweetModel.swift in Sources */,
				5252031229073FD1005CE36C /* LoginController.swift in Sources */,
			);
			runOnlyForDeploymentPostprocessing = 0;
		};
/* End PBXSourcesBuildPhase section */

/* Begin PBXVariantGroup section */
		525202F0290715D1005CE36C /* LaunchScreen.storyboard */ = {
			isa = PBXVariantGroup;
			children = (
				525202F1290715D1005CE36C /* Base */,
			);
			name = LaunchScreen.storyboard;
			sourceTree = "<group>";
		};
/* End PBXVariantGroup section */

/* Begin XCBuildConfiguration section */
		525202F4290715D1005CE36C /* Debug */ = {
			isa = XCBuildConfiguration;
			buildSettings = {
				ALWAYS_SEARCH_USER_PATHS = NO;
				CLANG_ANALYZER_NONNULL = YES;
				CLANG_ANALYZER_NUMBER_OBJECT_CONVERSION = YES_AGGRESSIVE;
				CLANG_CXX_LANGUAGE_STANDARD = "gnu++20";
				CLANG_ENABLE_MODULES = YES;
				CLANG_ENABLE_OBJC_ARC = YES;
				CLANG_ENABLE_OBJC_WEAK = YES;
				CLANG_WARN_BLOCK_CAPTURE_AUTORELEASING = YES;
				CLANG_WARN_BOOL_CONVERSION = YES;
				CLANG_WARN_COMMA = YES;
				CLANG_WARN_CONSTANT_CONVERSION = YES;
				CLANG_WARN_DEPRECATED_OBJC_IMPLEMENTATIONS = YES;
				CLANG_WARN_DIRECT_OBJC_ISA_USAGE = YES_ERROR;
				CLANG_WARN_DOCUMENTATION_COMMENTS = YES;
				CLANG_WARN_EMPTY_BODY = YES;
				CLANG_WARN_ENUM_CONVERSION = YES;
				CLANG_WARN_INFINITE_RECURSION = YES;
				CLANG_WARN_INT_CONVERSION = YES;
				CLANG_WARN_NON_LITERAL_NULL_CONVERSION = YES;
				CLANG_WARN_OBJC_IMPLICIT_RETAIN_SELF = YES;
				CLANG_WARN_OBJC_LITERAL_CONVERSION = YES;
				CLANG_WARN_OBJC_ROOT_CLASS = YES_ERROR;
				CLANG_WARN_QUOTED_INCLUDE_IN_FRAMEWORK_HEADER = YES;
				CLANG_WARN_RANGE_LOOP_ANALYSIS = YES;
				CLANG_WARN_STRICT_PROTOTYPES = YES;
				CLANG_WARN_SUSPICIOUS_MOVE = YES;
				CLANG_WARN_UNGUARDED_AVAILABILITY = YES_AGGRESSIVE;
				CLANG_WARN_UNREACHABLE_CODE = YES;
				CLANG_WARN__DUPLICATE_METHOD_MATCH = YES;
				COPY_PHASE_STRIP = NO;
				DEBUG_INFORMATION_FORMAT = dwarf;
				ENABLE_STRICT_OBJC_MSGSEND = YES;
				ENABLE_TESTABILITY = YES;
				GCC_C_LANGUAGE_STANDARD = gnu11;
				GCC_DYNAMIC_NO_PIC = NO;
				GCC_NO_COMMON_BLOCKS = YES;
				GCC_OPTIMIZATION_LEVEL = 0;
				GCC_PREPROCESSOR_DEFINITIONS = (
					"DEBUG=1",
					"$(inherited)",
				);
				GCC_WARN_64_TO_32_BIT_CONVERSION = YES;
				GCC_WARN_ABOUT_RETURN_TYPE = YES_ERROR;
				GCC_WARN_UNDECLARED_SELECTOR = YES;
				GCC_WARN_UNINITIALIZED_AUTOS = YES_AGGRESSIVE;
				GCC_WARN_UNUSED_FUNCTION = YES;
				GCC_WARN_UNUSED_VARIABLE = YES;
				IPHONEOS_DEPLOYMENT_TARGET = 16.0;
				MTL_ENABLE_DEBUG_INFO = INCLUDE_SOURCE;
				MTL_FAST_MATH = YES;
				ONLY_ACTIVE_ARCH = YES;
				SDKROOT = iphoneos;
				SWIFT_ACTIVE_COMPILATION_CONDITIONS = DEBUG;
				SWIFT_OPTIMIZATION_LEVEL = "-Onone";
			};
			name = Debug;
		};
		525202F5290715D1005CE36C /* Release */ = {
			isa = XCBuildConfiguration;
			buildSettings = {
				ALWAYS_SEARCH_USER_PATHS = NO;
				CLANG_ANALYZER_NONNULL = YES;
				CLANG_ANALYZER_NUMBER_OBJECT_CONVERSION = YES_AGGRESSIVE;
				CLANG_CXX_LANGUAGE_STANDARD = "gnu++20";
				CLANG_ENABLE_MODULES = YES;
				CLANG_ENABLE_OBJC_ARC = YES;
				CLANG_ENABLE_OBJC_WEAK = YES;
				CLANG_WARN_BLOCK_CAPTURE_AUTORELEASING = YES;
				CLANG_WARN_BOOL_CONVERSION = YES;
				CLANG_WARN_COMMA = YES;
				CLANG_WARN_CONSTANT_CONVERSION = YES;
				CLANG_WARN_DEPRECATED_OBJC_IMPLEMENTATIONS = YES;
				CLANG_WARN_DIRECT_OBJC_ISA_USAGE = YES_ERROR;
				CLANG_WARN_DOCUMENTATION_COMMENTS = YES;
				CLANG_WARN_EMPTY_BODY = YES;
				CLANG_WARN_ENUM_CONVERSION = YES;
				CLANG_WARN_INFINITE_RECURSION = YES;
				CLANG_WARN_INT_CONVERSION = YES;
				CLANG_WARN_NON_LITERAL_NULL_CONVERSION = YES;
				CLANG_WARN_OBJC_IMPLICIT_RETAIN_SELF = YES;
				CLANG_WARN_OBJC_LITERAL_CONVERSION = YES;
				CLANG_WARN_OBJC_ROOT_CLASS = YES_ERROR;
				CLANG_WARN_QUOTED_INCLUDE_IN_FRAMEWORK_HEADER = YES;
				CLANG_WARN_RANGE_LOOP_ANALYSIS = YES;
				CLANG_WARN_STRICT_PROTOTYPES = YES;
				CLANG_WARN_SUSPICIOUS_MOVE = YES;
				CLANG_WARN_UNGUARDED_AVAILABILITY = YES_AGGRESSIVE;
				CLANG_WARN_UNREACHABLE_CODE = YES;
				CLANG_WARN__DUPLICATE_METHOD_MATCH = YES;
				COPY_PHASE_STRIP = NO;
				DEBUG_INFORMATION_FORMAT = "dwarf-with-dsym";
				ENABLE_NS_ASSERTIONS = NO;
				ENABLE_STRICT_OBJC_MSGSEND = YES;
				GCC_C_LANGUAGE_STANDARD = gnu11;
				GCC_NO_COMMON_BLOCKS = YES;
				GCC_WARN_64_TO_32_BIT_CONVERSION = YES;
				GCC_WARN_ABOUT_RETURN_TYPE = YES_ERROR;
				GCC_WARN_UNDECLARED_SELECTOR = YES;
				GCC_WARN_UNINITIALIZED_AUTOS = YES_AGGRESSIVE;
				GCC_WARN_UNUSED_FUNCTION = YES;
				GCC_WARN_UNUSED_VARIABLE = YES;
				IPHONEOS_DEPLOYMENT_TARGET = 16.0;
				MTL_ENABLE_DEBUG_INFO = NO;
				MTL_FAST_MATH = YES;
				SDKROOT = iphoneos;
				SWIFT_COMPILATION_MODE = wholemodule;
				SWIFT_OPTIMIZATION_LEVEL = "-O";
				VALIDATE_PRODUCT = YES;
			};
			name = Release;
		};
		525202F7290715D1005CE36C /* Debug */ = {
			isa = XCBuildConfiguration;
			baseConfigurationReference = 5E1A99B1EFFDE6C4F807B773 /* Pods-TwitterUIKit.debug.xcconfig */;
			buildSettings = {
				ASSETCATALOG_COMPILER_APPICON_NAME = AppIcon;
				ASSETCATALOG_COMPILER_GLOBAL_ACCENT_COLOR_NAME = AccentColor;
				CODE_SIGN_STYLE = Automatic;
				CURRENT_PROJECT_VERSION = 1;
				DEVELOPMENT_TEAM = QZ46JW4C9U;
				GENERATE_INFOPLIST_FILE = YES;
				INFOPLIST_FILE = TwitterUIKit/Info.plist;
				INFOPLIST_KEY_UIApplicationSupportsIndirectInputEvents = YES;
				INFOPLIST_KEY_UILaunchStoryboardName = LaunchScreen;
				INFOPLIST_KEY_UISupportedInterfaceOrientations_iPad = "UIInterfaceOrientationPortrait UIInterfaceOrientationPortraitUpsideDown UIInterfaceOrientationLandscapeLeft UIInterfaceOrientationLandscapeRight";
				INFOPLIST_KEY_UISupportedInterfaceOrientations_iPhone = "UIInterfaceOrientationPortrait UIInterfaceOrientationLandscapeLeft UIInterfaceOrientationLandscapeRight";
				LD_RUNPATH_SEARCH_PATHS = (
					"$(inherited)",
					"@executable_path/Frameworks",
				);
				MARKETING_VERSION = 1.0;
				PRODUCT_BUNDLE_IDENTIFIER = com.mcantop.TwitterUIKit;
				PRODUCT_NAME = "$(TARGET_NAME)";
				SWIFT_EMIT_LOC_STRINGS = YES;
				SWIFT_VERSION = 5.0;
				TARGETED_DEVICE_FAMILY = "1,2";
			};
			name = Debug;
		};
		525202F8290715D1005CE36C /* Release */ = {
			isa = XCBuildConfiguration;
			baseConfigurationReference = 27B861636436F27789A3DB34 /* Pods-TwitterUIKit.release.xcconfig */;
			buildSettings = {
				ASSETCATALOG_COMPILER_APPICON_NAME = AppIcon;
				ASSETCATALOG_COMPILER_GLOBAL_ACCENT_COLOR_NAME = AccentColor;
				CODE_SIGN_STYLE = Automatic;
				CURRENT_PROJECT_VERSION = 1;
				DEVELOPMENT_TEAM = QZ46JW4C9U;
				GENERATE_INFOPLIST_FILE = YES;
				INFOPLIST_FILE = TwitterUIKit/Info.plist;
				INFOPLIST_KEY_UIApplicationSupportsIndirectInputEvents = YES;
				INFOPLIST_KEY_UILaunchStoryboardName = LaunchScreen;
				INFOPLIST_KEY_UISupportedInterfaceOrientations_iPad = "UIInterfaceOrientationPortrait UIInterfaceOrientationPortraitUpsideDown UIInterfaceOrientationLandscapeLeft UIInterfaceOrientationLandscapeRight";
				INFOPLIST_KEY_UISupportedInterfaceOrientations_iPhone = "UIInterfaceOrientationPortrait UIInterfaceOrientationLandscapeLeft UIInterfaceOrientationLandscapeRight";
				LD_RUNPATH_SEARCH_PATHS = (
					"$(inherited)",
					"@executable_path/Frameworks",
				);
				MARKETING_VERSION = 1.0;
				PRODUCT_BUNDLE_IDENTIFIER = com.mcantop.TwitterUIKit;
				PRODUCT_NAME = "$(TARGET_NAME)";
				SWIFT_EMIT_LOC_STRINGS = YES;
				SWIFT_VERSION = 5.0;
				TARGETED_DEVICE_FAMILY = "1,2";
			};
			name = Release;
		};
/* End XCBuildConfiguration section */

/* Begin XCConfigurationList section */
		525202DD290715D1005CE36C /* Build configuration list for PBXProject "TwitterUIKit" */ = {
			isa = XCConfigurationList;
			buildConfigurations = (
				525202F4290715D1005CE36C /* Debug */,
				525202F5290715D1005CE36C /* Release */,
			);
			defaultConfigurationIsVisible = 0;
			defaultConfigurationName = Release;
		};
		525202F6290715D1005CE36C /* Build configuration list for PBXNativeTarget "TwitterUIKit" */ = {
			isa = XCConfigurationList;
			buildConfigurations = (
				525202F7290715D1005CE36C /* Debug */,
				525202F8290715D1005CE36C /* Release */,
			);
			defaultConfigurationIsVisible = 0;
			defaultConfigurationName = Release;
		};
/* End XCConfigurationList section */
	};
	rootObject = 525202DA290715D1005CE36C /* Project object */;
}
