// !$*UTF8*$!
{
	archiveVersion = 1;
	classes = {
	};
	objectVersion = 56;
	objects = {

/* Begin PBXBuildFile section */
		525202E6290715D1005CE36C /* AppDelegate.swift in Sources */ = {isa = PBXBuildFile; fileRef = 525202E5290715D1005CE36C /* AppDelegate.swift */; };
		525202E8290715D1005CE36C /* SceneDelegate.swift in Sources */ = {isa = PBXBuildFile; fileRef = 525202E7290715D1005CE36C /* SceneDelegate.swift */; };
		525202ED290715D1005CE36C /* Main.storyboard in Resources */ = {isa = PBXBuildFile; fileRef = 525202EB290715D1005CE36C /* Main.storyboard */; };
		525202EF290715D1005CE36C /* Assets.xcassets in Resources */ = {isa = PBXBuildFile; fileRef = 525202EE290715D1005CE36C /* Assets.xcassets */; };
		525202F2290715D1005CE36C /* LaunchScreen.storyboard in Resources */ = {isa = PBXBuildFile; fileRef = 525202F0290715D1005CE36C /* LaunchScreen.storyboard */; };
		52520300290716CC005CE36C /* MainTabBarController.swift in Sources */ = {isa = PBXBuildFile; fileRef = 525202FF290716CC005CE36C /* MainTabBarController.swift */; };
		52520302290717FA005CE36C /* FeedController.swift in Sources */ = {isa = PBXBuildFile; fileRef = 52520301290717FA005CE36C /* FeedController.swift */; };
		5252030429071829005CE36C /* ExploreController.swift in Sources */ = {isa = PBXBuildFile; fileRef = 5252030329071829005CE36C /* ExploreController.swift */; };
		5252030629071841005CE36C /* NotificationsController.swift in Sources */ = {isa = PBXBuildFile; fileRef = 5252030529071841005CE36C /* NotificationsController.swift */; };
		5252030829071854005CE36C /* MessagesController.swift in Sources */ = {isa = PBXBuildFile; fileRef = 5252030729071854005CE36C /* MessagesController.swift */; };
		5252030C29071C40005CE36C /* UIImage+Extension.swift in Sources */ = {isa = PBXBuildFile; fileRef = 5252030B29071C40005CE36C /* UIImage+Extension.swift */; };
		5252030F29072B54005CE36C /* Constraints.swift in Sources */ = {isa = PBXBuildFile; fileRef = 5252030E29072B54005CE36C /* Constraints.swift */; };
/* End PBXBuildFile section */

/* Begin PBXFileReference section */
		525202E2290715D1005CE36C /* TwitterUIKit.app */ = {isa = PBXFileReference; explicitFileType = wrapper.application; includeInIndex = 0; path = TwitterUIKit.app; sourceTree = BUILT_PRODUCTS_DIR; };
		525202E5290715D1005CE36C /* AppDelegate.swift */ = {isa = PBXFileReference; lastKnownFileType = sourcecode.swift; path = AppDelegate.swift; sourceTree = "<group>"; };
		525202E7290715D1005CE36C /* SceneDelegate.swift */ = {isa = PBXFileReference; lastKnownFileType = sourcecode.swift; path = SceneDelegate.swift; sourceTree = "<group>"; };
		525202EC290715D1005CE36C /* Base */ = {isa = PBXFileReference; lastKnownFileType = file.storyboard; name = Base; path = Base.lproj/Main.storyboard; sourceTree = "<group>"; };
		525202EE290715D1005CE36C /* Assets.xcassets */ = {isa = PBXFileReference; lastKnownFileType = folder.assetcatalog; path = Assets.xcassets; sourceTree = "<group>"; };
		525202F1290715D1005CE36C /* Base */ = {isa = PBXFileReference; lastKnownFileType = file.storyboard; name = Base; path = Base.lproj/LaunchScreen.storyboard; sourceTree = "<group>"; };
		525202F3290715D1005CE36C /* Info.plist */ = {isa = PBXFileReference; lastKnownFileType = text.plist.xml; path = Info.plist; sourceTree = "<group>"; };
		525202FF290716CC005CE36C /* MainTabBarController.swift */ = {isa = PBXFileReference; lastKnownFileType = sourcecode.swift; path = MainTabBarController.swift; sourceTree = "<group>"; };
		52520301290717FA005CE36C /* FeedController.swift */ = {isa = PBXFileReference; lastKnownFileType = sourcecode.swift; path = FeedController.swift; sourceTree = "<group>"; };
		5252030329071829005CE36C /* ExploreController.swift */ = {isa = PBXFileReference; lastKnownFileType = sourcecode.swift; path = ExploreController.swift; sourceTree = "<group>"; };
		5252030529071841005CE36C /* NotificationsController.swift */ = {isa = PBXFileReference; lastKnownFileType = sourcecode.swift; path = NotificationsController.swift; sourceTree = "<group>"; };
		5252030729071854005CE36C /* MessagesController.swift */ = {isa = PBXFileReference; lastKnownFileType = sourcecode.swift; path = MessagesController.swift; sourceTree = "<group>"; };
		5252030B29071C40005CE36C /* UIImage+Extension.swift */ = {isa = PBXFileReference; lastKnownFileType = sourcecode.swift; path = "UIImage+Extension.swift"; sourceTree = "<group>"; };
		5252030E29072B54005CE36C /* Constraints.swift */ = {isa = PBXFileReference; fileEncoding = 4; lastKnownFileType = sourcecode.swift; path = Constraints.swift; sourceTree = "<group>"; };
/* End PBXFileReference section */

/* Begin PBXFrameworksBuildPhase section */
		525202DF290715D1005CE36C /* Frameworks */ = {
			isa = PBXFrameworksBuildPhase;
			buildActionMask = 2147483647;
			files = (
			);
			runOnlyForDeploymentPostprocessing = 0;
		};
/* End PBXFrameworksBuildPhase section */

/* Begin PBXGroup section */
		525202D9290715D1005CE36C = {
			isa = PBXGroup;
			children = (
				525202E4290715D1005CE36C /* TwitterUIKit */,
				525202E3290715D1005CE36C /* Products */,
			);
			sourceTree = "<group>";
		};
		525202E3290715D1005CE36C /* Products */ = {
			isa = PBXGroup;
			children = (
				525202E2290715D1005CE36C /* TwitterUIKit.app */,
			);
			name = Products;
			sourceTree = "<group>";
		};
		525202E4290715D1005CE36C /* TwitterUIKit */ = {
			isa = PBXGroup;
			children = (
				525202FE29071627005CE36C /* Model */,
				525202FD29071625005CE36C /* View */,
				525202FC29071623005CE36C /* ViewModel */,
				525202FB29071621005CE36C /* Controllers */,
				525202FA2907161F005CE36C /* API */,
				525202F929071611005CE36C /* Utils */,
				525202E5290715D1005CE36C /* AppDelegate.swift */,
				525202E7290715D1005CE36C /* SceneDelegate.swift */,
				525202EB290715D1005CE36C /* Main.storyboard */,
				525202F0290715D1005CE36C /* LaunchScreen.storyboard */,
				525202EE290715D1005CE36C /* Assets.xcassets */,
				525202F3290715D1005CE36C /* Info.plist */,
			);
			path = TwitterUIKit;
			sourceTree = "<group>";
		};
		525202F929071611005CE36C /* Utils */ = {
			isa = PBXGroup;
			children = (
				5252030D29072B35005CE36C /* Extensions */,
			);
			path = Utils;
			sourceTree = "<group>";
		};
		525202FA2907161F005CE36C /* API */ = {
			isa = PBXGroup;
			children = (
			);
			path = API;
			sourceTree = "<group>";
		};
		525202FB29071621005CE36C /* Controllers */ = {
			isa = PBXGroup;
			children = (
				525202FF290716CC005CE36C /* MainTabBarController.swift */,
				52520301290717FA005CE36C /* FeedController.swift */,
				5252030329071829005CE36C /* ExploreController.swift */,
				5252030529071841005CE36C /* NotificationsController.swift */,
				5252030729071854005CE36C /* MessagesController.swift */,
			);
			path = Controllers;
			sourceTree = "<group>";
		};
		525202FC29071623005CE36C /* ViewModel */ = {
			isa = PBXGroup;
			children = (
			);
			path = ViewModel;
			sourceTree = "<group>";
		};
		525202FD29071625005CE36C /* View */ = {
			isa = PBXGroup;
			children = (
			);
			path = View;
			sourceTree = "<group>";
		};
		525202FE29071627005CE36C /* Model */ = {
			isa = PBXGroup;
			children = (
			);
			path = Model;
			sourceTree = "<group>";
		};
		5252030D29072B35005CE36C /* Extensions */ = {
			isa = PBXGroup;
			children = (
				5252030E29072B54005CE36C /* Constraints.swift */,
				5252030B29071C40005CE36C /* UIImage+Extension.swift */,
			);
			path = Extensions;
			sourceTree = "<group>";
		};
/* End PBXGroup section */

/* Begin PBXNativeTarget section */
		525202E1290715D1005CE36C /* TwitterUIKit */ = {
			isa = PBXNativeTarget;
			buildConfigurationList = 525202F6290715D1005CE36C /* Build configuration list for PBXNativeTarget "TwitterUIKit" */;
			buildPhases = (
				525202DE290715D1005CE36C /* Sources */,
				525202DF290715D1005CE36C /* Frameworks */,
				525202E0290715D1005CE36C /* Resources */,
			);
			buildRules = (
			);
			dependencies = (
			);
			name = TwitterUIKit;
			productName = TwitterUIKit;
			productReference = 525202E2290715D1005CE36C /* TwitterUIKit.app */;
			productType = "com.apple.product-type.application";
		};
/* End PBXNativeTarget section */

/* Begin PBXProject section */
		525202DA290715D1005CE36C /* Project object */ = {
			isa = PBXProject;
			attributes = {
				BuildIndependentTargetsInParallel = 1;
				LastSwiftUpdateCheck = 1400;
				LastUpgradeCheck = 1400;
				TargetAttributes = {
					525202E1290715D1005CE36C = {
						CreatedOnToolsVersion = 14.0;
					};
				};
			};
			buildConfigurationList = 525202DD290715D1005CE36C /* Build configuration list for PBXProject "TwitterUIKit" */;
			compatibilityVersion = "Xcode 14.0";
			developmentRegion = en;
			hasScannedForEncodings = 0;
			knownRegions = (
				en,
				Base,
			);
			mainGroup = 525202D9290715D1005CE36C;
			productRefGroup = 525202E3290715D1005CE36C /* Products */;
			projectDirPath = "";
			projectRoot = "";
			targets = (
				525202E1290715D1005CE36C /* TwitterUIKit */,
			);
		};
/* End PBXProject section */

/* Begin PBXResourcesBuildPhase section */
		525202E0290715D1005CE36C /* Resources */ = {
			isa = PBXResourcesBuildPhase;
			buildActionMask = 2147483647;
			files = (
				525202F2290715D1005CE36C /* LaunchScreen.storyboard in Resources */,
				525202EF290715D1005CE36C /* Assets.xcassets in Resources */,
				525202ED290715D1005CE36C /* Main.storyboard in Resources */,
			);
			runOnlyForDeploymentPostprocessing = 0;
		};
/* End PBXResourcesBuildPhase section */

/* Begin PBXSourcesBuildPhase section */
		525202DE290715D1005CE36C /* Sources */ = {
			isa = PBXSourcesBuildPhase;
			buildActionMask = 2147483647;
			files = (
				5252030629071841005CE36C /* NotificationsController.swift in Sources */,
				5252030F29072B54005CE36C /* Constraints.swift in Sources */,
				5252030829071854005CE36C /* MessagesController.swift in Sources */,
				525202E6290715D1005CE36C /* AppDelegate.swift in Sources */,
				5252030C29071C40005CE36C /* UIImage+Extension.swift in Sources */,
				5252030429071829005CE36C /* ExploreController.swift in Sources */,
				525202E8290715D1005CE36C /* SceneDelegate.swift in Sources */,
				52520300290716CC005CE36C /* MainTabBarController.swift in Sources */,
				52520302290717FA005CE36C /* FeedController.swift in Sources */,
			);
			runOnlyForDeploymentPostprocessing = 0;
		};
/* End PBXSourcesBuildPhase section */

/* Begin PBXVariantGroup section */
		525202EB290715D1005CE36C /* Main.storyboard */ = {
			isa = PBXVariantGroup;
			children = (
				525202EC290715D1005CE36C /* Base */,
			);
			name = Main.storyboard;
			sourceTree = "<group>";
		};
		525202F0290715D1005CE36C /* LaunchScreen.storyboard */ = {
			isa = PBXVariantGroup;
			children = (
				525202F1290715D1005CE36C /* Base */,
			);
			name = LaunchScreen.storyboard;
			sourceTree = "<group>";
		};
/* End PBXVariantGroup section */

/* Begin XCBuildConfiguration section */
		525202F4290715D1005CE36C /* Debug */ = {
			isa = XCBuildConfiguration;
			buildSettings = {
				ALWAYS_SEARCH_USER_PATHS = NO;
				CLANG_ANALYZER_NONNULL = YES;
				CLANG_ANALYZER_NUMBER_OBJECT_CONVERSION = YES_AGGRESSIVE;
				CLANG_CXX_LANGUAGE_STANDARD = "gnu++20";
				CLANG_ENABLE_MODULES = YES;
				CLANG_ENABLE_OBJC_ARC = YES;
				CLANG_ENABLE_OBJC_WEAK = YES;
				CLANG_WARN_BLOCK_CAPTURE_AUTORELEASING = YES;
				CLANG_WARN_BOOL_CONVERSION = YES;
				CLANG_WARN_COMMA = YES;
				CLANG_WARN_CONSTANT_CONVERSION = YES;
				CLANG_WARN_DEPRECATED_OBJC_IMPLEMENTATIONS = YES;
				CLANG_WARN_DIRECT_OBJC_ISA_USAGE = YES_ERROR;
				CLANG_WARN_DOCUMENTATION_COMMENTS = YES;
				CLANG_WARN_EMPTY_BODY = YES;
				CLANG_WARN_ENUM_CONVERSION = YES;
				CLANG_WARN_INFINITE_RECURSION = YES;
				CLANG_WARN_INT_CONVERSION = YES;
				CLANG_WARN_NON_LITERAL_NULL_CONVERSION = YES;
				CLANG_WARN_OBJC_IMPLICIT_RETAIN_SELF = YES;
				CLANG_WARN_OBJC_LITERAL_CONVERSION = YES;
				CLANG_WARN_OBJC_ROOT_CLASS = YES_ERROR;
				CLANG_WARN_QUOTED_INCLUDE_IN_FRAMEWORK_HEADER = YES;
				CLANG_WARN_RANGE_LOOP_ANALYSIS = YES;
				CLANG_WARN_STRICT_PROTOTYPES = YES;
				CLANG_WARN_SUSPICIOUS_MOVE = YES;
				CLANG_WARN_UNGUARDED_AVAILABILITY = YES_AGGRESSIVE;
				CLANG_WARN_UNREACHABLE_CODE = YES;
				CLANG_WARN__DUPLICATE_METHOD_MATCH = YES;
				COPY_PHASE_STRIP = NO;
				DEBUG_INFORMATION_FORMAT = dwarf;
				ENABLE_STRICT_OBJC_MSGSEND = YES;
				ENABLE_TESTABILITY = YES;
				GCC_C_LANGUAGE_STANDARD = gnu11;
				GCC_DYNAMIC_NO_PIC = NO;
				GCC_NO_COMMON_BLOCKS = YES;
				GCC_OPTIMIZATION_LEVEL = 0;
				GCC_PREPROCESSOR_DEFINITIONS = (
					"DEBUG=1",
					"$(inherited)",
				);
				GCC_WARN_64_TO_32_BIT_CONVERSION = YES;
				GCC_WARN_ABOUT_RETURN_TYPE = YES_ERROR;
				GCC_WARN_UNDECLARED_SELECTOR = YES;
				GCC_WARN_UNINITIALIZED_AUTOS = YES_AGGRESSIVE;
				GCC_WARN_UNUSED_FUNCTION = YES;
				GCC_WARN_UNUSED_VARIABLE = YES;
				IPHONEOS_DEPLOYMENT_TARGET = 16.0;
				MTL_ENABLE_DEBUG_INFO = INCLUDE_SOURCE;
				MTL_FAST_MATH = YES;
				ONLY_ACTIVE_ARCH = YES;
				SDKROOT = iphoneos;
				SWIFT_ACTIVE_COMPILATION_CONDITIONS = DEBUG;
				SWIFT_OPTIMIZATION_LEVEL = "-Onone";
			};
			name = Debug;
		};
		525202F5290715D1005CE36C /* Release */ = {
			isa = XCBuildConfiguration;
			buildSettings = {
				ALWAYS_SEARCH_USER_PATHS = NO;
				CLANG_ANALYZER_NONNULL = YES;
				CLANG_ANALYZER_NUMBER_OBJECT_CONVERSION = YES_AGGRESSIVE;
				CLANG_CXX_LANGUAGE_STANDARD = "gnu++20";
				CLANG_ENABLE_MODULES = YES;
				CLANG_ENABLE_OBJC_ARC = YES;
				CLANG_ENABLE_OBJC_WEAK = YES;
				CLANG_WARN_BLOCK_CAPTURE_AUTORELEASING = YES;
				CLANG_WARN_BOOL_CONVERSION = YES;
				CLANG_WARN_COMMA = YES;
				CLANG_WARN_CONSTANT_CONVERSION = YES;
				CLANG_WARN_DEPRECATED_OBJC_IMPLEMENTATIONS = YES;
				CLANG_WARN_DIRECT_OBJC_ISA_USAGE = YES_ERROR;
				CLANG_WARN_DOCUMENTATION_COMMENTS = YES;
				CLANG_WARN_EMPTY_BODY = YES;
				CLANG_WARN_ENUM_CONVERSION = YES;
				CLANG_WARN_INFINITE_RECURSION = YES;
				CLANG_WARN_INT_CONVERSION = YES;
				CLANG_WARN_NON_LITERAL_NULL_CONVERSION = YES;
				CLANG_WARN_OBJC_IMPLICIT_RETAIN_SELF = YES;
				CLANG_WARN_OBJC_LITERAL_CONVERSION = YES;
				CLANG_WARN_OBJC_ROOT_CLASS = YES_ERROR;
				CLANG_WARN_QUOTED_INCLUDE_IN_FRAMEWORK_HEADER = YES;
				CLANG_WARN_RANGE_LOOP_ANALYSIS = YES;
				CLANG_WARN_STRICT_PROTOTYPES = YES;
				CLANG_WARN_SUSPICIOUS_MOVE = YES;
				CLANG_WARN_UNGUARDED_AVAILABILITY = YES_AGGRESSIVE;
				CLANG_WARN_UNREACHABLE_CODE = YES;
				CLANG_WARN__DUPLICATE_METHOD_MATCH = YES;
				COPY_PHASE_STRIP = NO;
				DEBUG_INFORMATION_FORMAT = "dwarf-with-dsym";
				ENABLE_NS_ASSERTIONS = NO;
				ENABLE_STRICT_OBJC_MSGSEND = YES;
				GCC_C_LANGUAGE_STANDARD = gnu11;
				GCC_NO_COMMON_BLOCKS = YES;
				GCC_WARN_64_TO_32_BIT_CONVERSION = YES;
				GCC_WARN_ABOUT_RETURN_TYPE = YES_ERROR;
				GCC_WARN_UNDECLARED_SELECTOR = YES;
				GCC_WARN_UNINITIALIZED_AUTOS = YES_AGGRESSIVE;
				GCC_WARN_UNUSED_FUNCTION = YES;
				GCC_WARN_UNUSED_VARIABLE = YES;
				IPHONEOS_DEPLOYMENT_TARGET = 16.0;
				MTL_ENABLE_DEBUG_INFO = NO;
				MTL_FAST_MATH = YES;
				SDKROOT = iphoneos;
				SWIFT_COMPILATION_MODE = wholemodule;
				SWIFT_OPTIMIZATION_LEVEL = "-O";
				VALIDATE_PRODUCT = YES;
			};
			name = Release;
		};
		525202F7290715D1005CE36C /* Debug */ = {
			isa = XCBuildConfiguration;
			buildSettings = {
				ASSETCATALOG_COMPILER_APPICON_NAME = AppIcon;
				ASSETCATALOG_COMPILER_GLOBAL_ACCENT_COLOR_NAME = AccentColor;
				CODE_SIGN_STYLE = Automatic;
				CURRENT_PROJECT_VERSION = 1;
				DEVELOPMENT_TEAM = QZ46JW4C9U;
				GENERATE_INFOPLIST_FILE = YES;
				INFOPLIST_FILE = TwitterUIKit/Info.plist;
				INFOPLIST_KEY_UIApplicationSupportsIndirectInputEvents = YES;
				INFOPLIST_KEY_UILaunchStoryboardName = LaunchScreen;
				INFOPLIST_KEY_UIMainStoryboardFile = Main;
				INFOPLIST_KEY_UISupportedInterfaceOrientations_iPad = "UIInterfaceOrientationPortrait UIInterfaceOrientationPortraitUpsideDown UIInterfaceOrientationLandscapeLeft UIInterfaceOrientationLandscapeRight";
				INFOPLIST_KEY_UISupportedInterfaceOrientations_iPhone = "UIInterfaceOrientationPortrait UIInterfaceOrientationLandscapeLeft UIInterfaceOrientationLandscapeRight";
				LD_RUNPATH_SEARCH_PATHS = (
					"$(inherited)",
					"@executable_path/Frameworks",
				);
				MARKETING_VERSION = 1.0;
				PRODUCT_BUNDLE_IDENTIFIER = com.mcantop.TwitterUIKit;
				PRODUCT_NAME = "$(TARGET_NAME)";
				SWIFT_EMIT_LOC_STRINGS = YES;
				SWIFT_VERSION = 5.0;
				TARGETED_DEVICE_FAMILY = "1,2";
			};
			name = Debug;
		};
		525202F8290715D1005CE36C /* Release */ = {
			isa = XCBuildConfiguration;
			buildSettings = {
				ASSETCATALOG_COMPILER_APPICON_NAME = AppIcon;
				ASSETCATALOG_COMPILER_GLOBAL_ACCENT_COLOR_NAME = AccentColor;
				CODE_SIGN_STYLE = Automatic;
				CURRENT_PROJECT_VERSION = 1;
				DEVELOPMENT_TEAM = QZ46JW4C9U;
				GENERATE_INFOPLIST_FILE = YES;
				INFOPLIST_FILE = TwitterUIKit/Info.plist;
				INFOPLIST_KEY_UIApplicationSupportsIndirectInputEvents = YES;
				INFOPLIST_KEY_UILaunchStoryboardName = LaunchScreen;
				INFOPLIST_KEY_UIMainStoryboardFile = Main;
				INFOPLIST_KEY_UISupportedInterfaceOrientations_iPad = "UIInterfaceOrientationPortrait UIInterfaceOrientationPortraitUpsideDown UIInterfaceOrientationLandscapeLeft UIInterfaceOrientationLandscapeRight";
				INFOPLIST_KEY_UISupportedInterfaceOrientations_iPhone = "UIInterfaceOrientationPortrait UIInterfaceOrientationLandscapeLeft UIInterfaceOrientationLandscapeRight";
				LD_RUNPATH_SEARCH_PATHS = (
					"$(inherited)",
					"@executable_path/Frameworks",
				);
				MARKETING_VERSION = 1.0;
				PRODUCT_BUNDLE_IDENTIFIER = com.mcantop.TwitterUIKit;
				PRODUCT_NAME = "$(TARGET_NAME)";
				SWIFT_EMIT_LOC_STRINGS = YES;
				SWIFT_VERSION = 5.0;
				TARGETED_DEVICE_FAMILY = "1,2";
			};
			name = Release;
		};
/* End XCBuildConfiguration section */

/* Begin XCConfigurationList section */
		525202DD290715D1005CE36C /* Build configuration list for PBXProject "TwitterUIKit" */ = {
			isa = XCConfigurationList;
			buildConfigurations = (
				525202F4290715D1005CE36C /* Debug */,
				525202F5290715D1005CE36C /* Release */,
			);
			defaultConfigurationIsVisible = 0;
			defaultConfigurationName = Release;
		};
		525202F6290715D1005CE36C /* Build configuration list for PBXNativeTarget "TwitterUIKit" */ = {
			isa = XCConfigurationList;
			buildConfigurations = (
				525202F7290715D1005CE36C /* Debug */,
				525202F8290715D1005CE36C /* Release */,
			);
			defaultConfigurationIsVisible = 0;
			defaultConfigurationName = Release;
		};
/* End XCConfigurationList section */
	};
	rootObject = 525202DA290715D1005CE36C /* Project object */;
}
